// !$*UTF8*$!
{
	archiveVersion = 1;
	classes = {
	};
	objectVersion = 50;
	objects = {

/* Begin PBXBuildFile section */
		6241CE0F26341CA000AE3EBF /* Reciplease2App.swift in Sources */ = {isa = PBXBuildFile; fileRef = 6241CE0E26341CA000AE3EBF /* Reciplease2App.swift */; };
		6241CE1126341CA000AE3EBF /* ContentView.swift in Sources */ = {isa = PBXBuildFile; fileRef = 6241CE1026341CA000AE3EBF /* ContentView.swift */; };
		6241CE1326341CA200AE3EBF /* Assets.xcassets in Resources */ = {isa = PBXBuildFile; fileRef = 6241CE1226341CA200AE3EBF /* Assets.xcassets */; };
		6241CE1626341CA200AE3EBF /* Preview Assets.xcassets in Resources */ = {isa = PBXBuildFile; fileRef = 6241CE1526341CA200AE3EBF /* Preview Assets.xcassets */; };
		6241CE1826341CA200AE3EBF /* Persistence.swift in Sources */ = {isa = PBXBuildFile; fileRef = 6241CE1726341CA200AE3EBF /* Persistence.swift */; };
		6241CE1B26341CA200AE3EBF /* Reciplease2.xcdatamodeld in Sources */ = {isa = PBXBuildFile; fileRef = 6241CE1926341CA200AE3EBF /* Reciplease2.xcdatamodeld */; };
/* End PBXBuildFile section */

/* Begin PBXFileReference section */
		6241CE0B26341CA000AE3EBF /* Reciplease2.app */ = {isa = PBXFileReference; explicitFileType = wrapper.application; includeInIndex = 0; path = Reciplease2.app; sourceTree = BUILT_PRODUCTS_DIR; };
		6241CE0E26341CA000AE3EBF /* Reciplease2App.swift */ = {isa = PBXFileReference; lastKnownFileType = sourcecode.swift; path = Reciplease2App.swift; sourceTree = "<group>"; };
		6241CE1026341CA000AE3EBF /* ContentView.swift */ = {isa = PBXFileReference; lastKnownFileType = sourcecode.swift; path = ContentView.swift; sourceTree = "<group>"; };
		6241CE1226341CA200AE3EBF /* Assets.xcassets */ = {isa = PBXFileReference; lastKnownFileType = folder.assetcatalog; path = Assets.xcassets; sourceTree = "<group>"; };
		6241CE1526341CA200AE3EBF /* Preview Assets.xcassets */ = {isa = PBXFileReference; lastKnownFileType = folder.assetcatalog; path = "Preview Assets.xcassets"; sourceTree = "<group>"; };
		6241CE1726341CA200AE3EBF /* Persistence.swift */ = {isa = PBXFileReference; lastKnownFileType = sourcecode.swift; path = Persistence.swift; sourceTree = "<group>"; };
		6241CE1A26341CA200AE3EBF /* Reciplease2.xcdatamodel */ = {isa = PBXFileReference; lastKnownFileType = wrapper.xcdatamodel; path = Reciplease2.xcdatamodel; sourceTree = "<group>"; };
		6241CE1C26341CA200AE3EBF /* Info.plist */ = {isa = PBXFileReference; lastKnownFileType = text.plist.xml; path = Info.plist; sourceTree = "<group>"; };
/* End PBXFileReference section */

/* Begin PBXFrameworksBuildPhase section */
		6241CE0826341CA000AE3EBF /* Frameworks */ = {
			isa = PBXFrameworksBuildPhase;
			buildActionMask = 2147483647;
			files = (
			);
			runOnlyForDeploymentPostprocessing = 0;
		};
/* End PBXFrameworksBuildPhase section */

/* Begin PBXGroup section */
		6241CE0226341CA000AE3EBF = {
			isa = PBXGroup;
			children = (
				6241CE0D26341CA000AE3EBF /* Reciplease2 */,
				6241CE0C26341CA000AE3EBF /* Products */,
			);
			sourceTree = "<group>";
		};
		6241CE0C26341CA000AE3EBF /* Products */ = {
			isa = PBXGroup;
			children = (
				6241CE0B26341CA000AE3EBF /* Reciplease2.app */,
			);
			name = Products;
			sourceTree = "<group>";
		};
		6241CE0D26341CA000AE3EBF /* Reciplease2 */ = {
			isa = PBXGroup;
			children = (
				6241CE0E26341CA000AE3EBF /* Reciplease2App.swift */,
				6241CE1026341CA000AE3EBF /* ContentView.swift */,
				6241CE1226341CA200AE3EBF /* Assets.xcassets */,
				6241CE1726341CA200AE3EBF /* Persistence.swift */,
				6241CE1C26341CA200AE3EBF /* Info.plist */,
				6241CE1926341CA200AE3EBF /* Reciplease2.xcdatamodeld */,
				6241CE1426341CA200AE3EBF /* Preview Content */,
			);
			path = Reciplease2;
			sourceTree = "<group>";
		};
		6241CE1426341CA200AE3EBF /* Preview Content */ = {
			isa = PBXGroup;
			children = (
				6241CE1526341CA200AE3EBF /* Preview Assets.xcassets */,
			);
			path = "Preview Content";
			sourceTree = "<group>";
		};
/* End PBXGroup section */

/* Begin PBXNativeTarget section */
		6241CE0A26341CA000AE3EBF /* Reciplease2 */ = {
			isa = PBXNativeTarget;
			buildConfigurationList = 6241CE1F26341CA200AE3EBF /* Build configuration list for PBXNativeTarget "Reciplease2" */;
			buildPhases = (
				6241CE0726341CA000AE3EBF /* Sources */,
				6241CE0826341CA000AE3EBF /* Frameworks */,
				6241CE0926341CA000AE3EBF /* Resources */,
			);
			buildRules = (
			);
			dependencies = (
			);
			name = Reciplease2;
			productName = Reciplease2;
			productReference = 6241CE0B26341CA000AE3EBF /* Reciplease2.app */;
			productType = "com.apple.product-type.application";
		};
/* End PBXNativeTarget section */

/* Begin PBXProject section */
		6241CE0326341CA000AE3EBF /* Project object */ = {
			isa = PBXProject;
			attributes = {
				LastSwiftUpdateCheck = 1240;
				LastUpgradeCheck = 1240;
				TargetAttributes = {
					6241CE0A26341CA000AE3EBF = {
						CreatedOnToolsVersion = 12.4;
					};
				};
			};
			buildConfigurationList = 6241CE0626341CA000AE3EBF /* Build configuration list for PBXProject "Reciplease2" */;
			compatibilityVersion = "Xcode 9.3";
			developmentRegion = en;
			hasScannedForEncodings = 0;
			knownRegions = (
				en,
				Base,
			);
			mainGroup = 6241CE0226341CA000AE3EBF;
			productRefGroup = 6241CE0C26341CA000AE3EBF /* Products */;
			projectDirPath = "";
			projectRoot = "";
			targets = (
				6241CE0A26341CA000AE3EBF /* Reciplease2 */,
			);
		};
/* End PBXProject section */

/* Begin PBXResourcesBuildPhase section */
		6241CE0926341CA000AE3EBF /* Resources */ = {
			isa = PBXResourcesBuildPhase;
			buildActionMask = 2147483647;
			files = (
				6241CE1626341CA200AE3EBF /* Preview Assets.xcassets in Resources */,
				6241CE1326341CA200AE3EBF /* Assets.xcassets in Resources */,
			);
			runOnlyForDeploymentPostprocessing = 0;
		};
/* End PBXResourcesBuildPhase section */

/* Begin PBXSourcesBuildPhase section */
		6241CE0726341CA000AE3EBF /* Sources */ = {
			isa = PBXSourcesBuildPhase;
			buildActionMask = 2147483647;
			files = (
				6241CE1826341CA200AE3EBF /* Persistence.swift in Sources */,
				6241CE1126341CA000AE3EBF /* ContentView.swift in Sources */,
				6241CE0F26341CA000AE3EBF /* Reciplease2App.swift in Sources */,
				6241CE1B26341CA200AE3EBF /* Reciplease2.xcdatamodeld in Sources */,
			);
			runOnlyForDeploymentPostprocessing = 0;
		};
/* End PBXSourcesBuildPhase section */

/* Begin XCBuildConfiguration section */
		6241CE1D26341CA200AE3EBF /* Debug */ = {
			isa = XCBuildConfiguration;
			buildSettings = {
				ALWAYS_SEARCH_USER_PATHS = NO;
				CLANG_ANALYZER_NONNULL = YES;
				CLANG_ANALYZER_NUMBER_OBJECT_CONVERSION = YES_AGGRESSIVE;
				CLANG_CXX_LANGUAGE_STANDARD = "gnu++14";
				CLANG_CXX_LIBRARY = "libc++";
				CLANG_ENABLE_MODULES = YES;
				CLANG_ENABLE_OBJC_ARC = YES;
				CLANG_ENABLE_OBJC_WEAK = YES;
				CLANG_WARN_BLOCK_CAPTURE_AUTORELEASING = YES;
				CLANG_WARN_BOOL_CONVERSION = YES;
				CLANG_WARN_COMMA = YES;
				CLANG_WARN_CONSTANT_CONVERSION = YES;
				CLANG_WARN_DEPRECATED_OBJC_IMPLEMENTATIONS = YES;
				CLANG_WARN_DIRECT_OBJC_ISA_USAGE = YES_ERROR;
				CLANG_WARN_DOCUMENTATION_COMMENTS = YES;
				CLANG_WARN_EMPTY_BODY = YES;
				CLANG_WARN_ENUM_CONVERSION = YES;
				CLANG_WARN_INFINITE_RECURSION = YES;
				CLANG_WARN_INT_CONVERSION = YES;
				CLANG_WARN_NON_LITERAL_NULL_CONVERSION = YES;
				CLANG_WARN_OBJC_IMPLICIT_RETAIN_SELF = YES;
				CLANG_WARN_OBJC_LITERAL_CONVERSION = YES;
				CLANG_WARN_OBJC_ROOT_CLASS = YES_ERROR;
				CLANG_WARN_QUOTED_INCLUDE_IN_FRAMEWORK_HEADER = YES;
				CLANG_WARN_RANGE_LOOP_ANALYSIS = YES;
				CLANG_WARN_STRICT_PROTOTYPES = YES;
				CLANG_WARN_SUSPICIOUS_MOVE = YES;
				CLANG_WARN_UNGUARDED_AVAILABILITY = YES_AGGRESSIVE;
				CLANG_WARN_UNREACHABLE_CODE = YES;
				CLANG_WARN__DUPLICATE_METHOD_MATCH = YES;
				COPY_PHASE_STRIP = NO;
				DEBUG_INFORMATION_FORMAT = dwarf;
				ENABLE_STRICT_OBJC_MSGSEND = YES;
				ENABLE_TESTABILITY = YES;
				GCC_C_LANGUAGE_STANDARD = gnu11;
				GCC_DYNAMIC_NO_PIC = NO;
				GCC_NO_COMMON_BLOCKS = YES;
				GCC_OPTIMIZATION_LEVEL = 0;
				GCC_PREPROCESSOR_DEFINITIONS = (
					"DEBUG=1",
					"$(inherited)",
				);
				GCC_WARN_64_TO_32_BIT_CONVERSION = YES;
				GCC_WARN_ABOUT_RETURN_TYPE = YES_ERROR;
				GCC_WARN_UNDECLARED_SELECTOR = YES;
				GCC_WARN_UNINITIALIZED_AUTOS = YES_AGGRESSIVE;
				GCC_WARN_UNUSED_FUNCTION = YES;
				GCC_WARN_UNUSED_VARIABLE = YES;
				IPHONEOS_DEPLOYMENT_TARGET = 14.4;
				MTL_ENABLE_DEBUG_INFO = INCLUDE_SOURCE;
				MTL_FAST_MATH = YES;
				ONLY_ACTIVE_ARCH = YES;
				SDKROOT = iphoneos;
				SWIFT_ACTIVE_COMPILATION_CONDITIONS = DEBUG;
				SWIFT_OPTIMIZATION_LEVEL = "-Onone";
			};
			name = Debug;
		};
		6241CE1E26341CA200AE3EBF /* Release */ = {
			isa = XCBuildConfiguration;
			buildSettings = {
				ALWAYS_SEARCH_USER_PATHS = NO;
				CLANG_ANALYZER_NONNULL = YES;
				CLANG_ANALYZER_NUMBER_OBJECT_CONVERSION = YES_AGGRESSIVE;
				CLANG_CXX_LANGUAGE_STANDARD = "gnu++14";
				CLANG_CXX_LIBRARY = "libc++";
				CLANG_ENABLE_MODULES = YES;
				CLANG_ENABLE_OBJC_ARC = YES;
				CLANG_ENABLE_OBJC_WEAK = YES;
				CLANG_WARN_BLOCK_CAPTURE_AUTORELEASING = YES;
				CLANG_WARN_BOOL_CONVERSION = YES;
				CLANG_WARN_COMMA = YES;
				CLANG_WARN_CONSTANT_CONVERSION = YES;
				CLANG_WARN_DEPRECATED_OBJC_IMPLEMENTATIONS = YES;
				CLANG_WARN_DIRECT_OBJC_ISA_USAGE = YES_ERROR;
				CLANG_WARN_DOCUMENTATION_COMMENTS = YES;
				CLANG_WARN_EMPTY_BODY = YES;
				CLANG_WARN_ENUM_CONVERSION = YES;
				CLANG_WARN_INFINITE_RECURSION = YES;
				CLANG_WARN_INT_CONVERSION = YES;
				CLANG_WARN_NON_LITERAL_NULL_CONVERSION = YES;
				CLANG_WARN_OBJC_IMPLICIT_RETAIN_SELF = YES;
				CLANG_WARN_OBJC_LITERAL_CONVERSION = YES;
				CLANG_WARN_OBJC_ROOT_CLASS = YES_ERROR;
				CLANG_WARN_QUOTED_INCLUDE_IN_FRAMEWORK_HEADER = YES;
				CLANG_WARN_RANGE_LOOP_ANALYSIS = YES;
				CLANG_WARN_STRICT_PROTOTYPES = YES;
				CLANG_WARN_SUSPICIOUS_MOVE = YES;
				CLANG_WARN_UNGUARDED_AVAILABILITY = YES_AGGRESSIVE;
				CLANG_WARN_UNREACHABLE_CODE = YES;
				CLANG_WARN__DUPLICATE_METHOD_MATCH = YES;
				COPY_PHASE_STRIP = NO;
				DEBUG_INFORMATION_FORMAT = "dwarf-with-dsym";
				ENABLE_NS_ASSERTIONS = NO;
				ENABLE_STRICT_OBJC_MSGSEND = YES;
				GCC_C_LANGUAGE_STANDARD = gnu11;
				GCC_NO_COMMON_BLOCKS = YES;
				GCC_WARN_64_TO_32_BIT_CONVERSION = YES;
				GCC_WARN_ABOUT_RETURN_TYPE = YES_ERROR;
				GCC_WARN_UNDECLARED_SELECTOR = YES;
				GCC_WARN_UNINITIALIZED_AUTOS = YES_AGGRESSIVE;
				GCC_WARN_UNUSED_FUNCTION = YES;
				GCC_WARN_UNUSED_VARIABLE = YES;
				IPHONEOS_DEPLOYMENT_TARGET = 14.4;
				MTL_ENABLE_DEBUG_INFO = NO;
				MTL_FAST_MATH = YES;
				SDKROOT = iphoneos;
				SWIFT_COMPILATION_MODE = wholemodule;
				SWIFT_OPTIMIZATION_LEVEL = "-O";
				VALIDATE_PRODUCT = YES;
			};
			name = Release;
		};
		6241CE2026341CA200AE3EBF /* Debug */ = {
			isa = XCBuildConfiguration;
			buildSettings = {
				ASSETCATALOG_COMPILER_APPICON_NAME = AppIcon;
				ASSETCATALOG_COMPILER_GLOBAL_ACCENT_COLOR_NAME = AccentColor;
				CODE_SIGN_STYLE = Automatic;
				DEVELOPMENT_ASSET_PATHS = "\"Reciplease2/Preview Content\"";
				DEVELOPMENT_TEAM = 2T8KN29479;
				ENABLE_PREVIEWS = YES;
				INFOPLIST_FILE = Reciplease2/Info.plist;
				IPHONEOS_DEPLOYMENT_TARGET = 14.0;
				LD_RUNPATH_SEARCH_PATHS = (
					"$(inherited)",
					"@executable_path/Frameworks",
				);
				PRODUCT_BUNDLE_IDENTIFIER = hquart.Reciplease2;
				PRODUCT_NAME = "$(TARGET_NAME)";
				SWIFT_VERSION = 5.0;
				TARGETED_DEVICE_FAMILY = "1,2";
			};
			name = Debug;
		};
		6241CE2126341CA200AE3EBF /* Release */ = {
			isa = XCBuildConfiguration;
			buildSettings = {
				ASSETCATALOG_COMPILER_APPICON_NAME = AppIcon;
				ASSETCATALOG_COMPILER_GLOBAL_ACCENT_COLOR_NAME = AccentColor;
				CODE_SIGN_STYLE = Automatic;
				DEVELOPMENT_ASSET_PATHS = "\"Reciplease2/Preview Content\"";
				DEVELOPMENT_TEAM = 2T8KN29479;
				ENABLE_PREVIEWS = YES;
				INFOPLIST_FILE = Reciplease2/Info.plist;
				IPHONEOS_DEPLOYMENT_TARGET = 14.0;
				LD_RUNPATH_SEARCH_PATHS = (
					"$(inherited)",
					"@executable_path/Frameworks",
				);
				PRODUCT_BUNDLE_IDENTIFIER = hquart.Reciplease2;
				PRODUCT_NAME = "$(TARGET_NAME)";
				SWIFT_VERSION = 5.0;
				TARGETED_DEVICE_FAMILY = "1,2";
			};
			name = Release;
		};
/* End XCBuildConfiguration section */

/* Begin XCConfigurationList section */
		6241CE0626341CA000AE3EBF /* Build configuration list for PBXProject "Reciplease2" */ = {
			isa = XCConfigurationList;
			buildConfigurations = (
				6241CE1D26341CA200AE3EBF /* Debug */,
				6241CE1E26341CA200AE3EBF /* Release */,
			);
			defaultConfigurationIsVisible = 0;
			defaultConfigurationName = Release;
		};
		6241CE1F26341CA200AE3EBF /* Build configuration list for PBXNativeTarget "Reciplease2" */ = {
			isa = XCConfigurationList;
			buildConfigurations = (
				6241CE2026341CA200AE3EBF /* Debug */,
				6241CE2126341CA200AE3EBF /* Release */,
			);
			defaultConfigurationIsVisible = 0;
			defaultConfigurationName = Release;
		};
/* End XCConfigurationList section */

/* Begin XCVersionGroup section */
		6241CE1926341CA200AE3EBF /* Reciplease2.xcdatamodeld */ = {
			isa = XCVersionGroup;
			children = (
				6241CE1A26341CA200AE3EBF /* Reciplease2.xcdatamodel */,
			);
			currentVersion = 6241CE1A26341CA200AE3EBF /* Reciplease2.xcdatamodel */;
			path = Reciplease2.xcdatamodeld;
			sourceTree = "<group>";
			versionGroupType = wrapper.xcdatamodel;
		};
/* End XCVersionGroup section */
	};
	rootObject = 6241CE0326341CA000AE3EBF /* Project object */;
}
